
Microsoft Visual Studio Solution File, Format Version 12.00
# Visual Studio Version 17
VisualStudioVersion = 17.14.36811.4 d17.14
MinimumVisualStudioVersion = 10.0.40219.1
Project("{F184B08F-C81C-45F6-A57F-5ABD9991F28F}") = "WEBTEST2", "WEBTEST2.vbproj", "{E87CC695-3B7D-48A5-87D9-AC1B12EE7BBF}"
EndProject
Global
	GlobalSection(SolutionConfigurationPlatforms) = preSolution
		Debug|Any CPU = Debug|Any CPU
		Release|Any CPU = Release|Any CPU
	EndGlobalSection
	GlobalSection(ProjectConfigurationPlatforms) = postSolution
		{E87CC695-3B7D-48A5-87D9-AC1B12EE7BBF}.Debug|Any CPU.ActiveCfg = Debug|Any CPU
		{E87CC695-3B7D-48A5-87D9-AC1B12EE7BBF}.Debug|Any CPU.Build.0 = Debug|Any CPU
		{E87CC695-3B7D-48A5-87D9-AC1B12EE7BBF}.Release|Any CPU.ActiveCfg = Release|Any CPU
		{E87CC695-3B7D-48A5-87D9-AC1B12EE7BBF}.Release|Any CPU.Build.0 = Release|Any CPU
	EndGlobalSection
	GlobalSection(SolutionProperties) = preSolution
		HideSolutionNode = FALSE
	EndGlobalSection
	GlobalSection(ExtensibilityGlobals) = postSolution
		SolutionGuid = {94BDA292-6DAC-453D-99F0-5FFC69E54668}
	EndGlobalSection
EndGlobal
